// !$*UTF8*$!
{
	archiveVersion = 1;
	classes = {
	};
	objectVersion = 46;
	objects = {

/* Begin PBXBuildFile section */
		D5CA47D01CB5A4F60032872E /* AppDelegate.swift in Sources */ = {isa = PBXBuildFile; fileRef = D5CA47CF1CB5A4F60032872E /* AppDelegate.swift */; };
		D5CA47D51CB5A4F60032872E /* Main.storyboard in Resources */ = {isa = PBXBuildFile; fileRef = D5CA47D31CB5A4F60032872E /* Main.storyboard */; };
		D5CA47D71CB5A4F60032872E /* Assets.xcassets in Resources */ = {isa = PBXBuildFile; fileRef = D5CA47D61CB5A4F60032872E /* Assets.xcassets */; };
		D5CA47DA1CB5A4F60032872E /* LaunchScreen.storyboard in Resources */ = {isa = PBXBuildFile; fileRef = D5CA47D81CB5A4F60032872E /* LaunchScreen.storyboard */; };
		D5CA47E91CB5B4890032872E /* CoreBluetooth.framework in Frameworks */ = {isa = PBXBuildFile; fileRef = D5CA47E81CB5B4890032872E /* CoreBluetooth.framework */; };
		D5CA47F21CB5C9E70032872E /* ViewController.swift in Sources */ = {isa = PBXBuildFile; fileRef = D5CA47F11CB5C9E70032872E /* ViewController.swift */; };
		D5EB86391CBDA24E0044A914 /* TrailData.swift in Sources */ = {isa = PBXBuildFile; fileRef = D5EB86381CBDA24E0044A914 /* TrailData.swift */; };
/* End PBXBuildFile section */

/* Begin PBXFileReference section */
		D5CA47CC1CB5A4F60032872E /* TrailCounterApp.app */ = {isa = PBXFileReference; explicitFileType = wrapper.application; includeInIndex = 0; path = TrailCounterApp.app; sourceTree = BUILT_PRODUCTS_DIR; };
		D5CA47CF1CB5A4F60032872E /* AppDelegate.swift */ = {isa = PBXFileReference; lastKnownFileType = sourcecode.swift; path = AppDelegate.swift; sourceTree = "<group>"; };
		D5CA47D41CB5A4F60032872E /* Base */ = {isa = PBXFileReference; lastKnownFileType = file.storyboard; name = Base; path = Base.lproj/Main.storyboard; sourceTree = "<group>"; };
		D5CA47D61CB5A4F60032872E /* Assets.xcassets */ = {isa = PBXFileReference; lastKnownFileType = folder.assetcatalog; path = Assets.xcassets; sourceTree = "<group>"; };
		D5CA47D91CB5A4F60032872E /* Base */ = {isa = PBXFileReference; lastKnownFileType = file.storyboard; name = Base; path = Base.lproj/LaunchScreen.storyboard; sourceTree = "<group>"; };
		D5CA47DB1CB5A4F60032872E /* Info.plist */ = {isa = PBXFileReference; lastKnownFileType = text.plist.xml; path = Info.plist; sourceTree = "<group>"; };
		D5CA47E81CB5B4890032872E /* CoreBluetooth.framework */ = {isa = PBXFileReference; lastKnownFileType = wrapper.framework; name = CoreBluetooth.framework; path = System/Library/Frameworks/CoreBluetooth.framework; sourceTree = SDKROOT; };
		D5CA47F11CB5C9E70032872E /* ViewController.swift */ = {isa = PBXFileReference; fileEncoding = 4; lastKnownFileType = sourcecode.swift; path = ViewController.swift; sourceTree = "<group>"; };
		D5EB86381CBDA24E0044A914 /* TrailData.swift */ = {isa = PBXFileReference; fileEncoding = 4; lastKnownFileType = sourcecode.swift; path = TrailData.swift; sourceTree = "<group>"; };
/* End PBXFileReference section */

/* Begin PBXFrameworksBuildPhase section */
		D5CA47C91CB5A4F60032872E /* Frameworks */ = {
			isa = PBXFrameworksBuildPhase;
			buildActionMask = 2147483647;
			files = (
				D5CA47E91CB5B4890032872E /* CoreBluetooth.framework in Frameworks */,
			);
			runOnlyForDeploymentPostprocessing = 0;
		};
/* End PBXFrameworksBuildPhase section */

/* Begin PBXGroup section */
		D5CA47C31CB5A4F60032872E = {
			isa = PBXGroup;
			children = (
				D5CA47E81CB5B4890032872E /* CoreBluetooth.framework */,
				D5CA47CE1CB5A4F60032872E /* TrailCounterApp */,
				D5CA47CD1CB5A4F60032872E /* Products */,
			);
			sourceTree = "<group>";
		};
		D5CA47CD1CB5A4F60032872E /* Products */ = {
			isa = PBXGroup;
			children = (
				D5CA47CC1CB5A4F60032872E /* TrailCounterApp.app */,
			);
			name = Products;
			sourceTree = "<group>";
		};
		D5CA47CE1CB5A4F60032872E /* TrailCounterApp */ = {
			isa = PBXGroup;
			children = (
				D5CA47CF1CB5A4F60032872E /* AppDelegate.swift */,
				D5CA47D31CB5A4F60032872E /* Main.storyboard */,
				D5CA47D61CB5A4F60032872E /* Assets.xcassets */,
				D5CA47D81CB5A4F60032872E /* LaunchScreen.storyboard */,
				D5CA47DB1CB5A4F60032872E /* Info.plist */,
				D5CA47F11CB5C9E70032872E /* ViewController.swift */,
				D5EB86381CBDA24E0044A914 /* TrailData.swift */,
			);
			path = TrailCounterApp;
			sourceTree = "<group>";
		};
/* End PBXGroup section */

/* Begin PBXNativeTarget section */
		D5CA47CB1CB5A4F60032872E /* TrailCounterApp */ = {
			isa = PBXNativeTarget;
			buildConfigurationList = D5CA47DE1CB5A4F60032872E /* Build configuration list for PBXNativeTarget "TrailCounterApp" */;
			buildPhases = (
				D5CA47C81CB5A4F60032872E /* Sources */,
				D5CA47C91CB5A4F60032872E /* Frameworks */,
				D5CA47CA1CB5A4F60032872E /* Resources */,
			);
			buildRules = (
			);
			dependencies = (
			);
			name = TrailCounterApp;
			productName = TrailCounterApp;
			productReference = D5CA47CC1CB5A4F60032872E /* TrailCounterApp.app */;
			productType = "com.apple.product-type.application";
		};
/* End PBXNativeTarget section */

/* Begin PBXProject section */
		D5CA47C41CB5A4F60032872E /* Project object */ = {
			isa = PBXProject;
			attributes = {
				LastSwiftUpdateCheck = 0720;
				LastUpgradeCheck = 0720;
				ORGANIZATIONNAME = p442;
				TargetAttributes = {
					D5CA47CB1CB5A4F60032872E = {
						CreatedOnToolsVersion = 7.2.1;
						DevelopmentTeam = 7BL86UJD5B;
					};
				};
			};
			buildConfigurationList = D5CA47C71CB5A4F60032872E /* Build configuration list for PBXProject "TrailCounterApp" */;
			compatibilityVersion = "Xcode 3.2";
			developmentRegion = English;
			hasScannedForEncodings = 0;
			knownRegions = (
				en,
				Base,
			);
			mainGroup = D5CA47C31CB5A4F60032872E;
			productRefGroup = D5CA47CD1CB5A4F60032872E /* Products */;
			projectDirPath = "";
			projectRoot = "";
			targets = (
				D5CA47CB1CB5A4F60032872E /* TrailCounterApp */,
			);
		};
/* End PBXProject section */

/* Begin PBXResourcesBuildPhase section */
		D5CA47CA1CB5A4F60032872E /* Resources */ = {
			isa = PBXResourcesBuildPhase;
			buildActionMask = 2147483647;
			files = (
				D5CA47DA1CB5A4F60032872E /* LaunchScreen.storyboard in Resources */,
				D5CA47D71CB5A4F60032872E /* Assets.xcassets in Resources */,
				D5CA47D51CB5A4F60032872E /* Main.storyboard in Resources */,
			);
			runOnlyForDeploymentPostprocessing = 0;
		};
/* End PBXResourcesBuildPhase section */

/* Begin PBXSourcesBuildPhase section */
		D5CA47C81CB5A4F60032872E /* Sources */ = {
			isa = PBXSourcesBuildPhase;
			buildActionMask = 2147483647;
			files = (
				D5CA47F21CB5C9E70032872E /* ViewController.swift in Sources */,
				D5CA47D01CB5A4F60032872E /* AppDelegate.swift in Sources */,
				D5EB86391CBDA24E0044A914 /* TrailData.swift in Sources */,
			);
			runOnlyForDeploymentPostprocessing = 0;
		};
/* End PBXSourcesBuildPhase section */

/* Begin PBXVariantGroup section */
		D5CA47D31CB5A4F60032872E /* Main.storyboard */ = {
			isa = PBXVariantGroup;
			children = (
				D5CA47D41CB5A4F60032872E /* Base */,
			);
			name = Main.storyboard;
			sourceTree = "<group>";
		};
		D5CA47D81CB5A4F60032872E /* LaunchScreen.storyboard */ = {
			isa = PBXVariantGroup;
			children = (
				D5CA47D91CB5A4F60032872E /* Base */,
			);
			name = LaunchScreen.storyboard;
			sourceTree = "<group>";
		};
/* End PBXVariantGroup section */

/* Begin XCBuildConfiguration section */
		D5CA47DC1CB5A4F60032872E /* Debug */ = {
			isa = XCBuildConfiguration;
			buildSettings = {
				ALWAYS_SEARCH_USER_PATHS = NO;
				CLANG_CXX_LANGUAGE_STANDARD = "gnu++0x";
				CLANG_CXX_LIBRARY = "libc++";
				CLANG_ENABLE_MODULES = YES;
				CLANG_ENABLE_OBJC_ARC = YES;
				CLANG_WARN_BOOL_CONVERSION = YES;
				CLANG_WARN_CONSTANT_CONVERSION = YES;
				CLANG_WARN_DIRECT_OBJC_ISA_USAGE = YES_ERROR;
				CLANG_WARN_EMPTY_BODY = YES;
				CLANG_WARN_ENUM_CONVERSION = YES;
				CLANG_WARN_INT_CONVERSION = YES;
				CLANG_WARN_OBJC_ROOT_CLASS = YES_ERROR;
				CLANG_WARN_UNREACHABLE_CODE = YES;
				CLANG_WARN__DUPLICATE_METHOD_MATCH = YES;
				"CODE_SIGN_IDENTITY[sdk=iphoneos*]" = "iPhone Developer";
				COPY_PHASE_STRIP = NO;
				DEBUG_INFORMATION_FORMAT = dwarf;
				ENABLE_STRICT_OBJC_MSGSEND = YES;
				ENABLE_TESTABILITY = YES;
				GCC_C_LANGUAGE_STANDARD = gnu99;
				GCC_DYNAMIC_NO_PIC = NO;
				GCC_NO_COMMON_BLOCKS = YES;
				GCC_OPTIMIZATION_LEVEL = 0;
				GCC_PREPROCESSOR_DEFINITIONS = (
					"DEBUG=1",
					"$(inherited)",
				);
				GCC_WARN_64_TO_32_BIT_CONVERSION = YES;
				GCC_WARN_ABOUT_RETURN_TYPE = YES_ERROR;
				GCC_WARN_UNDECLARED_SELECTOR = YES;
				GCC_WARN_UNINITIALIZED_AUTOS = YES_AGGRESSIVE;
				GCC_WARN_UNUSED_FUNCTION = YES;
				GCC_WARN_UNUSED_VARIABLE = YES;
				IPHONEOS_DEPLOYMENT_TARGET = 9.2;
				MTL_ENABLE_DEBUG_INFO = YES;
				ONLY_ACTIVE_ARCH = YES;
				SDKROOT = iphoneos;
				SWIFT_OPTIMIZATION_LEVEL = "-Onone";
				TARGETED_DEVICE_FAMILY = "1,2";
			};
			name = Debug;
		};
		D5CA47DD1CB5A4F60032872E /* Release */ = {
			isa = XCBuildConfiguration;
			buildSettings = {
				ALWAYS_SEARCH_USER_PATHS = NO;
				CLANG_CXX_LANGUAGE_STANDARD = "gnu++0x";
				CLANG_CXX_LIBRARY = "libc++";
				CLANG_ENABLE_MODULES = YES;
				CLANG_ENABLE_OBJC_ARC = YES;
				CLANG_WARN_BOOL_CONVERSION = YES;
				CLANG_WARN_CONSTANT_CONVERSION = YES;
				CLANG_WARN_DIRECT_OBJC_ISA_USAGE = YES_ERROR;
				CLANG_WARN_EMPTY_BODY = YES;
				CLANG_WARN_ENUM_CONVERSION = YES;
				CLANG_WARN_INT_CONVERSION = YES;
				CLANG_WARN_OBJC_ROOT_CLASS = YES_ERROR;
				CLANG_WARN_UNREACHABLE_CODE = YES;
				CLANG_WARN__DUPLICATE_METHOD_MATCH = YES;
				"CODE_SIGN_IDENTITY[sdk=iphoneos*]" = "iPhone Developer";
				COPY_PHASE_STRIP = NO;
				DEBUG_INFORMATION_FORMAT = "dwarf-with-dsym";
				ENABLE_NS_ASSERTIONS = NO;
				ENABLE_STRICT_OBJC_MSGSEND = YES;
				GCC_C_LANGUAGE_STANDARD = gnu99;
				GCC_NO_COMMON_BLOCKS = YES;
				GCC_WARN_64_TO_32_BIT_CONVERSION = YES;
				GCC_WARN_ABOUT_RETURN_TYPE = YES_ERROR;
				GCC_WARN_UNDECLARED_SELECTOR = YES;
				GCC_WARN_UNINITIALIZED_AUTOS = YES_AGGRESSIVE;
				GCC_WARN_UNUSED_FUNCTION = YES;
				GCC_WARN_UNUSED_VARIABLE = YES;
				IPHONEOS_DEPLOYMENT_TARGET = 9.2;
				MTL_ENABLE_DEBUG_INFO = NO;
				SDKROOT = iphoneos;
				TARGETED_DEVICE_FAMILY = "1,2";
				VALIDATE_PRODUCT = YES;
			};
			name = Release;
		};
		D5CA47DF1CB5A4F60032872E /* Debug */ = {
			isa = XCBuildConfiguration;
			buildSettings = {
				ASSETCATALOG_COMPILER_APPICON_NAME = AppIcon;
				INFOPLIST_FILE = TrailCounterApp/Info.plist;
				LD_RUNPATH_SEARCH_PATHS = "$(inherited) @executable_path/Frameworks";
				PRODUCT_BUNDLE_IDENTIFIER = edu.indiana.cs.p442.TrailCounterApp;
				PRODUCT_NAME = "$(TARGET_NAME)";
			};
			name = Debug;
		};
		D5CA47E01CB5A4F60032872E /* Release */ = {
			isa = XCBuildConfiguration;
			buildSettings = {
				ASSETCATALOG_COMPILER_APPICON_NAME = AppIcon;
				INFOPLIST_FILE = TrailCounterApp/Info.plist;
				LD_RUNPATH_SEARCH_PATHS = "$(inherited) @executable_path/Frameworks";
				PRODUCT_BUNDLE_IDENTIFIER = edu.indiana.cs.p442.TrailCounterApp;
				PRODUCT_NAME = "$(TARGET_NAME)";
			};
			name = Release;
		};
/* End XCBuildConfiguration section */

/* Begin XCConfigurationList section */
		D5CA47C71CB5A4F60032872E /* Build configuration list for PBXProject "TrailCounterApp" */ = {
			isa = XCConfigurationList;
			buildConfigurations = (
				D5CA47DC1CB5A4F60032872E /* Debug */,
				D5CA47DD1CB5A4F60032872E /* Release */,
			);
			defaultConfigurationIsVisible = 0;
			defaultConfigurationName = Release;
		};
		D5CA47DE1CB5A4F60032872E /* Build configuration list for PBXNativeTarget "TrailCounterApp" */ = {
			isa = XCConfigurationList;
			buildConfigurations = (
				D5CA47DF1CB5A4F60032872E /* Debug */,
				D5CA47E01CB5A4F60032872E /* Release */,
			);
			defaultConfigurationIsVisible = 0;
			defaultConfigurationName = Release;
		};
/* End XCConfigurationList section */
	};
	rootObject = D5CA47C41CB5A4F60032872E /* Project object */;
}
